
Microsoft Visual Studio Solution File, Format Version 12.00
# Visual Studio Version 17
VisualStudioVersion = 17.3.32929.385
MinimumVisualStudioVersion = 10.0.40219.1
Project("{FAE04EC0-301F-11D3-BF4B-00C04F79EFBC}") = "ByteBank", "ByteBank\ByteBank.csproj", "{CCF36C1F-FCEB-4F32-AE3A-602EA8E37CBC}"
EndProject
Global
	GlobalSection(SolutionConfigurationPlatforms) = preSolution
		Debug|Any CPU = Debug|Any CPU
		Release|Any CPU = Release|Any CPU
	EndGlobalSection
	GlobalSection(ProjectConfigurationPlatforms) = postSolution
		{CCF36C1F-FCEB-4F32-AE3A-602EA8E37CBC}.Debug|Any CPU.ActiveCfg = Debug|Any CPU
		{CCF36C1F-FCEB-4F32-AE3A-602EA8E37CBC}.Debug|Any CPU.Build.0 = Debug|Any CPU
		{CCF36C1F-FCEB-4F32-AE3A-602EA8E37CBC}.Release|Any CPU.ActiveCfg = Release|Any CPU
		{CCF36C1F-FCEB-4F32-AE3A-602EA8E37CBC}.Release|Any CPU.Build.0 = Release|Any CPU
	EndGlobalSection
	GlobalSection(SolutionProperties) = preSolution
		HideSolutionNode = FALSE
	EndGlobalSection
	GlobalSection(ExtensibilityGlobals) = postSolution
		SolutionGuid = {75057FBD-CE14-4328-95D9-89FA92A312AB}
	EndGlobalSection
EndGlobal
